lockfileVersion: '9.0'

settings:
  autoInstallPeers: true
  excludeLinksFromLockfile: false

importers:

  .:
    dependencies:
      '@bufbuild/protobuf':
        specifier: ^2.11.0
        version: 2.11.0
      '@nats-io/transport-node':
        specifier: ^3.3.1
        version: 3.3.1
      long:
        specifier: ^5.3.2
        version: 5.3.2
    devDependencies:
      '@types/node':
        specifier: ^25.5.0
        version: 25.5.0
      typescript:
        specifier: ^5.9.3
        version: 5.9.3

packages:

  '@bufbuild/protobuf@2.11.0':
    resolution: {integrity: sha512-sBXGT13cpmPR5BMgHE6UEEfEaShh5Ror6rfN3yEK5si7QVrtZg8LEPQb0VVhiLRUslD2yLnXtnRzG035J/mZXQ==}

  '@nats-io/nats-core@3.3.1':
    resolution: {integrity: sha512-myFXGTo4cCfKrsLDjkoEz7FjjjvSfBRjun7Qx3n3Z5OzW4JUY8Ou7VQsGAdXLQxHN3ae/XNXvmXxshDoFPex4w==}

  '@nats-io/nkeys@2.0.3':
    resolution: {integrity: sha512-JVt56GuE6Z89KUkI4TXUbSI9fmIfAmk6PMPknijmuL72GcD+UgIomTcRWiNvvJKxA01sBbmIPStqJs5cMRBC3A==}
    engines: {node: '>=18.0.0'}

  '@nats-io/nuid@2.0.3':
    resolution: {integrity: sha512-TpA3HEBna/qMVudy+3HZr5M3mo/L1JPofpVT4t0HkFGkz2Cn9wrlrQC8tvR8Md5Oa9//GtGG26eN0qEWF5Vqew==}
    engines: {node: '>= 18.x'}

  '@nats-io/transport-node@3.3.1':
    resolution: {integrity: sha512-GBvY0VcvyQEILgy5bjpqU1GpDYmSF06bW59I7cewZuNGS9u3AoV/gf+a+3ep45T/Z+UC661atq/b7x+QV12w+Q==}
    engines: {node: '>= 18.0.0'}

  '@types/node@25.5.0':
    resolution: {integrity: sha512-jp2P3tQMSxWugkCUKLRPVUpGaL5MVFwF8RDuSRztfwgN1wmqJeMSbKlnEtQqU8UrhTmzEmZdu2I6v2dpp7XIxw==}

  long@5.3.2:
    resolution: {integrity: sha512-mNAgZ1GmyNhD7AuqnTG3/VQ26o760+ZYBPKjPvugO8+nLbYfX6TVpJPseBvopbdY+qpZ/lKUnmEc1LeZYS3QAA==}

  tweetnacl@1.0.3:
    resolution: {integrity: sha512-6rt+RN7aOi1nGMyC4Xa5DdYiukl2UWCbcJft7YhxReBGQD7OAM8Pbxw6YMo4r2diNEA8FEmu32YOn9rhaiE5yw==}

  typescript@5.9.3:
    resolution: {integrity: sha512-jl1vZzPDinLr9eUt3J/t7V6FgNEw9QjvBPdysz9KfQDD41fQrC2Y4vKQdiaUpFT4bXlb1RHhLpp8wtm6M5TgSw==}
    engines: {node: '>=14.17'}
    hasBin: true

  undici-types@7.18.2:
    resolution: {integrity: sha512-AsuCzffGHJybSaRrmr5eHr81mwJU3kjw6M+uprWvCXiNeN9SOGwQ3Jn8jb8m3Z6izVgknn1R0FTCEAP2QrLY/w==}

snapshots:

  '@bufbuild/protobuf@2.11.0': {}

  '@nats-io/nats-core@3.3.1':
    dependencies:
      '@nats-io/nkeys': 2.0.3
      '@nats-io/nuid': 2.0.3

  '@nats-io/nkeys@2.0.3':
    dependencies:
      tweetnacl: 1.0.3

  '@nats-io/nuid@2.0.3': {}

  '@nats-io/transport-node@3.3.1':
    dependencies:
      '@nats-io/nats-core': 3.3.1
      '@nats-io/nkeys': 2.0.3
      '@nats-io/nuid': 2.0.3

  '@types/node@25.5.0':
    dependencies:
      undici-types: 7.18.2

  long@5.3.2: {}

  tweetnacl@1.0.3: {}

  typescript@5.9.3: {}

  undici-types@7.18.2: {}
